{
    "name": "Performer",
    "version": "0.0.1",
    "lockfileVersion": 1,
    "requires": true,
    "dependencies": {
        "amqp-ts": {
            "version": "1.4.0",
            "resolved": "https://registry.npmjs.org/amqp-ts/-/amqp-ts-1.4.0.tgz",
            "integrity": "sha1-mV3enolALUQA3quZ85NiaiSIwZo=",
            "requires": {
                "amqplib": "^0.4.1",
                "bluebird": "^3.3.5",
                "winston": "^2.2.0"
            }
        },
        "amqplib": {
            "version": "0.4.2",
            "resolved": "https://registry.npmjs.org/amqplib/-/amqplib-0.4.2.tgz",
            "integrity": "sha1-XkoqkUzLMSX5y5H22gfJeqTLE6Y=",
            "requires": {
                "bitsyntax": "~0.0.4",
                "buffer-more-ints": "0.0.2",
                "readable-stream": "1.x >=1.1.9",
                "when": "~3.6.2"
            }
        },
        "async": {
            "version": "1.0.0",
            "resolved": "https://registry.npmjs.org/async/-/async-1.0.0.tgz",
            "integrity": "sha1-+PwEyjoTeErenhZBr5hXjPvWR6k="
        },
        "bitsyntax": {
            "version": "0.0.4",
            "resolved": "https://registry.npmjs.org/bitsyntax/-/bitsyntax-0.0.4.tgz",
            "integrity": "sha1-6xDMb4K4xJDj6FaY8H6D1G4MuoI=",
            "requires": {
                "buffer-more-ints": "0.0.2"
            }
        },
        "bluebird": {
            "version": "3.5.4",
            "resolved": "https://registry.npmjs.org/bluebird/-/bluebird-3.5.4.tgz",
            "integrity": "sha512-FG+nFEZChJrbQ9tIccIfZJBz3J7mLrAhxakAbnrJWn8d7aKOC+LWifa0G+p4ZqKp4y13T7juYvdhq9NzKdsrjw=="
        },
        "bson": {
            "version": "1.0.9",
            "resolved": "https://registry.npmjs.org/bson/-/bson-1.0.9.tgz",
            "integrity": "sha512-IQX9/h7WdMBIW/q/++tGd+emQr0XMdeZ6icnT/74Xk9fnabWn+gZgpE+9V+gujL3hhJOoNrnDVY7tWdzc7NUTg=="
        },
        "buffer-more-ints": {
            "version": "0.0.2",
            "resolved": "https://registry.npmjs.org/buffer-more-ints/-/buffer-more-ints-0.0.2.tgz",
            "integrity": "sha1-JrOIXRD6E9t/wBquOquHAZngEkw="
        },
        "buffer-shims": {
            "version": "1.0.0",
            "resolved": "https://registry.npmjs.org/buffer-shims/-/buffer-shims-1.0.0.tgz",
            "integrity": "sha1-mXjOMXOIxkmth5MCjDR37wRKi1E="
        },
        "colors": {
            "version": "1.0.3",
            "resolved": "https://registry.npmjs.org/colors/-/colors-1.0.3.tgz",
            "integrity": "sha1-BDP0TYCWgP3rYO0mDxsMJi6CpAs="
        },
        "core-util-is": {
            "version": "1.0.2",
            "resolved": "https://registry.npmjs.org/core-util-is/-/core-util-is-1.0.2.tgz",
            "integrity": "sha1-tf1UIgqivFq1eqtxQMlAdUUDwac="
        },
        "cycle": {
            "version": "1.0.3",
            "resolved": "https://registry.npmjs.org/cycle/-/cycle-1.0.3.tgz",
            "integrity": "sha1-IegLK+hYD5i0aPN5QwZisEbDStI="
        },
        "es6-promise": {
            "version": "3.2.1",
            "resolved": "https://registry.npmjs.org/es6-promise/-/es6-promise-3.2.1.tgz",
            "integrity": "sha1-7FYjOGgDKQkgcXDDlEjiREndH8Q="
        },
        "eyes": {
            "version": "0.1.8",
            "resolved": "https://registry.npmjs.org/eyes/-/eyes-0.1.8.tgz",
            "integrity": "sha1-Ys8SAjTGg3hdkCNIqADvPgzCC8A="
        },
        "inherits": {
            "version": "2.0.3",
            "resolved": "https://registry.npmjs.org/inherits/-/inherits-2.0.3.tgz",
            "integrity": "sha1-Yzwsg+PaQqUC9SRmAiSA9CCCYd4="
        },
        "isarray": {
            "version": "0.0.1",
            "resolved": "https://registry.npmjs.org/isarray/-/isarray-0.0.1.tgz",
            "integrity": "sha1-ihis/Kmo9Bd+Cav8YDiTmwXR7t8="
        },
        "isstream": {
            "version": "0.1.2",
            "resolved": "https://registry.npmjs.org/isstream/-/isstream-0.1.2.tgz",
            "integrity": "sha1-R+Y/evVa+m+S4VAOaQ64uFKcCZo="
        },
        "mongodb": {
            "version": "2.2.36",
            "resolved": "https://registry.npmjs.org/mongodb/-/mongodb-2.2.36.tgz",
            "integrity": "sha512-P2SBLQ8Z0PVx71ngoXwo12+FiSfbNfGOClAao03/bant5DgLNkOPAck5IaJcEk4gKlQhDEURzfR3xuBG1/B+IA==",
            "requires": {
                "es6-promise": "3.2.1",
                "mongodb-core": "2.1.20",
                "readable-stream": "2.2.7"
            },
            "dependencies": {
                "isarray": {
                    "version": "1.0.0",
                    "resolved": "https://registry.npmjs.org/isarray/-/isarray-1.0.0.tgz",
                    "integrity": "sha1-u5NdSFgsuhaMBoNJV6VKPgcSTxE="
                },
                "readable-stream": {
                    "version": "2.2.7",
                    "resolved": "https://registry.npmjs.org/readable-stream/-/readable-stream-2.2.7.tgz",
                    "integrity": "sha1-BwV6y+JGeyIELTb5jFrVBwVOlbE=",
                    "requires": {
                        "buffer-shims": "~1.0.0",
                        "core-util-is": "~1.0.0",
                        "inherits": "~2.0.1",
                        "isarray": "~1.0.0",
                        "process-nextick-args": "~1.0.6",
                        "string_decoder": "~1.0.0",
                        "util-deprecate": "~1.0.1"
                    }
                },
                "string_decoder": {
                    "version": "1.0.3",
                    "resolved": "https://registry.npmjs.org/string_decoder/-/string_decoder-1.0.3.tgz",
                    "integrity": "sha512-4AH6Z5fzNNBcH+6XDMfA/BTt87skxqJlO0lAh3Dker5zThcAxG6mKz+iGu308UKoPPQ8Dcqx/4JhujzltRa+hQ==",
                    "requires": {
                        "safe-buffer": "~5.1.0"
                    }
                }
            }
        },
        "mongodb-core": {
            "version": "2.1.20",
            "resolved": "https://registry.npmjs.org/mongodb-core/-/mongodb-core-2.1.20.tgz",
            "integrity": "sha512-IN57CX5/Q1bhDq6ShAR6gIv4koFsZP7L8WOK1S0lR0pVDQaScffSMV5jxubLsmZ7J+UdqmykKw4r9hG3XQEGgQ==",
            "requires": {
                "bson": "~1.0.4",
                "require_optional": "~1.0.0"
            }
        },
        "node-red-contrib-amqp": {
            "version": "0.4.5",
            "resolved": "https://registry.npmjs.org/node-red-contrib-amqp/-/node-red-contrib-amqp-0.4.5.tgz",
            "integrity": "sha1-33MrHAqFANe6IcDCxTLnz/eUB4w=",
            "requires": {
                "amqp-ts": "^1.0.0"
            }
        },
        "node-red-contrib-mongodb": {
            "version": "0.3.4",
            "resolved": "https://registry.npmjs.org/node-red-contrib-mongodb/-/node-red-contrib-mongodb-0.3.4.tgz",
            "integrity": "sha512-df7D7zaX9h1hWXe3hfqvZi11+c5i5/iFCxFepFUD5WncaLsfLFm4fRqWOlpirAGoREqwrktGBQpEObFGOoAhEw==",
            "requires": {
                "mongodb": "^2.2.34"
            }
        },
        "process-nextick-args": {
            "version": "1.0.7",
            "resolved": "https://registry.npmjs.org/process-nextick-args/-/process-nextick-args-1.0.7.tgz",
            "integrity": "sha1-FQ4gt1ZZCtP5EJPyWk8q2L/zC6M="
        },
        "readable-stream": {
            "version": "1.1.14",
            "resolved": "https://registry.npmjs.org/readable-stream/-/readable-stream-1.1.14.tgz",
            "integrity": "sha1-fPTFTvZI44EwhMY23SB54WbAgdk=",
            "requires": {
                "core-util-is": "~1.0.0",
                "inherits": "~2.0.1",
                "isarray": "0.0.1",
                "string_decoder": "~0.10.x"
            }
        },
        "require_optional": {
            "version": "1.0.1",
            "resolved": "https://registry.npmjs.org/require_optional/-/require_optional-1.0.1.tgz",
            "integrity": "sha512-qhM/y57enGWHAe3v/NcwML6a3/vfESLe/sGM2dII+gEO0BpKRUkWZow/tyloNqJyN6kXSl3RyyM8Ll5D/sJP8g==",
            "requires": {
                "resolve-from": "^2.0.0",
                "semver": "^5.1.0"
            }
        },
        "resolve-from": {
            "version": "2.0.0",
            "resolved": "https://registry.npmjs.org/resolve-from/-/resolve-from-2.0.0.tgz",
            "integrity": "sha1-lICrIOlP+h2egKgEx+oUdhGWa1c="
        },
        "safe-buffer": {
            "version": "5.1.2",
            "resolved": "https://registry.npmjs.org/safe-buffer/-/safe-buffer-5.1.2.tgz",
            "integrity": "sha512-Gd2UZBJDkXlY7GbJxfsE8/nvKkUEU1G38c1siN6QP6a9PT9MmHB8GnpscSmMJSoF8LOIrt8ud/wPtojys4G6+g=="
        },
        "semver": {
            "version": "5.7.0",
            "resolved": "https://registry.npmjs.org/semver/-/semver-5.7.0.tgz",
            "integrity": "sha512-Ya52jSX2u7QKghxeoFGpLwCtGlt7j0oY9DYb5apt9nPlJ42ID+ulTXESnt/qAQcoSERyZ5sl3LDIOw0nAn/5DA=="
        },
        "stack-trace": {
            "version": "0.0.10",
            "resolved": "https://registry.npmjs.org/stack-trace/-/stack-trace-0.0.10.tgz",
            "integrity": "sha1-VHxws0fo0ytOEI6hoqFZ5f3eGcA="
        },
        "string_decoder": {
            "version": "0.10.31",
            "resolved": "https://registry.npmjs.org/string_decoder/-/string_decoder-0.10.31.tgz",
            "integrity": "sha1-YuIDvEF2bGwoyfyEMB2rHFMQ+pQ="
        },
        "util-deprecate": {
            "version": "1.0.2",
            "resolved": "https://registry.npmjs.org/util-deprecate/-/util-deprecate-1.0.2.tgz",
            "integrity": "sha1-RQ1Nyfpw3nMnYvvS1KKJgUGaDM8="
        },
        "when": {
            "version": "3.6.4",
            "resolved": "https://registry.npmjs.org/when/-/when-3.6.4.tgz",
            "integrity": "sha1-RztRfsFZ4rhQBUl6E5g/CVQS404="
        },
        "winston": {
            "version": "2.4.4",
            "resolved": "https://registry.npmjs.org/winston/-/winston-2.4.4.tgz",
            "integrity": "sha512-NBo2Pepn4hK4V01UfcWcDlmiVTs7VTB1h7bgnB0rgP146bYhMxX0ypCz3lBOfNxCO4Zuek7yeT+y/zM1OfMw4Q==",
            "requires": {
                "async": "~1.0.0",
                "colors": "1.0.x",
                "cycle": "1.0.x",
                "eyes": "0.1.x",
                "isstream": "0.1.x",
                "stack-trace": "0.0.x"
            }
        }
    }
}
